// !$*UTF8*$!
{
	archiveVersion = 1;
	classes = {
	};
	objectVersion = 56;
	objects = {

/* Begin PBXBuildFile section */
		2392E5997FB0E337A13410F2 /* Pods_ChatMessenger.framework in Frameworks */ = {isa = PBXBuildFile; fileRef = 539798A93FBAA017BBE77F75 /* Pods_ChatMessenger.framework */; };
		956A15122C11513D00C50122 /* ChatMessengerApp.swift in Sources */ = {isa = PBXBuildFile; fileRef = 956A15112C11513D00C50122 /* ChatMessengerApp.swift */; };
		956A15142C11513D00C50122 /* SignInView.swift in Sources */ = {isa = PBXBuildFile; fileRef = 956A15132C11513D00C50122 /* SignInView.swift */; };
		956A15162C11514000C50122 /* Assets.xcassets in Resources */ = {isa = PBXBuildFile; fileRef = 956A15152C11514000C50122 /* Assets.xcassets */; };
		956A15192C11514000C50122 /* Preview Assets.xcassets in Resources */ = {isa = PBXBuildFile; fileRef = 956A15182C11514000C50122 /* Preview Assets.xcassets */; };
		956A15202C11584E00C50122 /* SignInViewModel.swift in Sources */ = {isa = PBXBuildFile; fileRef = 956A151F2C11584D00C50122 /* SignInViewModel.swift */; };
		956A15242C115D1B00C50122 /* SignUpView.swift in Sources */ = {isa = PBXBuildFile; fileRef = 956A15232C115D1B00C50122 /* SignUpView.swift */; };
		956A15262C115D6C00C50122 /* SignUpViewModel.swift in Sources */ = {isa = PBXBuildFile; fileRef = 956A15252C115D6C00C50122 /* SignUpViewModel.swift */; };
		956A15282C11685900C50122 /* GoogleService-Info.plist in Resources */ = {isa = PBXBuildFile; fileRef = 956A15272C11685900C50122 /* GoogleService-Info.plist */; };
		95713B032C168CCE009D7FCA /* ImagePicker.swift in Sources */ = {isa = PBXBuildFile; fileRef = 95713B022C168CCE009D7FCA /* ImagePicker.swift */; };
/* End PBXBuildFile section */

/* Begin PBXFileReference section */
		539798A93FBAA017BBE77F75 /* Pods_ChatMessenger.framework */ = {isa = PBXFileReference; explicitFileType = wrapper.framework; includeInIndex = 0; path = Pods_ChatMessenger.framework; sourceTree = BUILT_PRODUCTS_DIR; };
		87FD25E319A5B1C2AD603E35 /* Pods-ChatMessenger.debug.xcconfig */ = {isa = PBXFileReference; includeInIndex = 1; lastKnownFileType = text.xcconfig; name = "Pods-ChatMessenger.debug.xcconfig"; path = "Target Support Files/Pods-ChatMessenger/Pods-ChatMessenger.debug.xcconfig"; sourceTree = "<group>"; };
		956A150E2C11513D00C50122 /* ChatMessenger.app */ = {isa = PBXFileReference; explicitFileType = wrapper.application; includeInIndex = 0; path = ChatMessenger.app; sourceTree = BUILT_PRODUCTS_DIR; };
		956A15112C11513D00C50122 /* ChatMessengerApp.swift */ = {isa = PBXFileReference; lastKnownFileType = sourcecode.swift; path = ChatMessengerApp.swift; sourceTree = "<group>"; };
		956A15132C11513D00C50122 /* SignInView.swift */ = {isa = PBXFileReference; lastKnownFileType = sourcecode.swift; path = SignInView.swift; sourceTree = "<group>"; };
		956A15152C11514000C50122 /* Assets.xcassets */ = {isa = PBXFileReference; lastKnownFileType = folder.assetcatalog; path = Assets.xcassets; sourceTree = "<group>"; };
		956A15182C11514000C50122 /* Preview Assets.xcassets */ = {isa = PBXFileReference; lastKnownFileType = folder.assetcatalog; path = "Preview Assets.xcassets"; sourceTree = "<group>"; };
		956A151F2C11584D00C50122 /* SignInViewModel.swift */ = {isa = PBXFileReference; lastKnownFileType = sourcecode.swift; path = SignInViewModel.swift; sourceTree = "<group>"; };
		956A15232C115D1B00C50122 /* SignUpView.swift */ = {isa = PBXFileReference; lastKnownFileType = sourcecode.swift; path = SignUpView.swift; sourceTree = "<group>"; };
		956A15252C115D6C00C50122 /* SignUpViewModel.swift */ = {isa = PBXFileReference; lastKnownFileType = sourcecode.swift; path = SignUpViewModel.swift; sourceTree = "<group>"; };
		956A15272C11685900C50122 /* GoogleService-Info.plist */ = {isa = PBXFileReference; fileEncoding = 4; lastKnownFileType = text.plist.xml; name = "GoogleService-Info.plist"; path = "../../../../../Downloads/GoogleService-Info.plist"; sourceTree = "<group>"; };
		95713B022C168CCE009D7FCA /* ImagePicker.swift */ = {isa = PBXFileReference; fileEncoding = 4; lastKnownFileType = sourcecode.swift; name = ImagePicker.swift; path = ../../../../../Downloads/ImagePicker.swift; sourceTree = "<group>"; };
		DF4533A8A7CD94E57A9A9B17 /* Pods-ChatMessenger.release.xcconfig */ = {isa = PBXFileReference; includeInIndex = 1; lastKnownFileType = text.xcconfig; name = "Pods-ChatMessenger.release.xcconfig"; path = "Target Support Files/Pods-ChatMessenger/Pods-ChatMessenger.release.xcconfig"; sourceTree = "<group>"; };
/* End PBXFileReference section */

/* Begin PBXFrameworksBuildPhase section */
		956A150B2C11513D00C50122 /* Frameworks */ = {
			isa = PBXFrameworksBuildPhase;
			buildActionMask = 2147483647;
			files = (
				2392E5997FB0E337A13410F2 /* Pods_ChatMessenger.framework in Frameworks */,
			);
			runOnlyForDeploymentPostprocessing = 0;
		};
/* End PBXFrameworksBuildPhase section */

/* Begin PBXGroup section */
		956A15052C11513D00C50122 = {
			isa = PBXGroup;
			children = (
				956A15102C11513D00C50122 /* ChatMessenger */,
				956A150F2C11513D00C50122 /* Products */,
				F0955BD17708C615254999E1 /* Pods */,
				CCA86817CCE1296442DAA721 /* Frameworks */,
			);
			sourceTree = "<group>";
		};
		956A150F2C11513D00C50122 /* Products */ = {
			isa = PBXGroup;
			children = (
				956A150E2C11513D00C50122 /* ChatMessenger.app */,
			);
			name = Products;
			sourceTree = "<group>";
		};
		956A15102C11513D00C50122 /* ChatMessenger */ = {
			isa = PBXGroup;
			children = (
				956A15112C11513D00C50122 /* ChatMessengerApp.swift */,
				956A15132C11513D00C50122 /* SignInView.swift */,
				956A151F2C11584D00C50122 /* SignInViewModel.swift */,
				956A15232C115D1B00C50122 /* SignUpView.swift */,
				956A15252C115D6C00C50122 /* SignUpViewModel.swift */,
				95713B022C168CCE009D7FCA /* ImagePicker.swift */,
				956A15272C11685900C50122 /* GoogleService-Info.plist */,
				956A15152C11514000C50122 /* Assets.xcassets */,
				956A15172C11514000C50122 /* Preview Content */,
			);
			path = ChatMessenger;
			sourceTree = "<group>";
		};
		956A15172C11514000C50122 /* Preview Content */ = {
			isa = PBXGroup;
			children = (
				956A15182C11514000C50122 /* Preview Assets.xcassets */,
			);
			path = "Preview Content";
			sourceTree = "<group>";
		};
		CCA86817CCE1296442DAA721 /* Frameworks */ = {
			isa = PBXGroup;
			children = (
				539798A93FBAA017BBE77F75 /* Pods_ChatMessenger.framework */,
			);
			name = Frameworks;
			sourceTree = "<group>";
		};
		F0955BD17708C615254999E1 /* Pods */ = {
			isa = PBXGroup;
			children = (
				87FD25E319A5B1C2AD603E35 /* Pods-ChatMessenger.debug.xcconfig */,
				DF4533A8A7CD94E57A9A9B17 /* Pods-ChatMessenger.release.xcconfig */,
			);
			path = Pods;
			sourceTree = "<group>";
		};
/* End PBXGroup section */

/* Begin PBXNativeTarget section */
		956A150D2C11513D00C50122 /* ChatMessenger */ = {
			isa = PBXNativeTarget;
			buildConfigurationList = 956A151C2C11514000C50122 /* Build configuration list for PBXNativeTarget "ChatMessenger" */;
			buildPhases = (
				1521A749B4A8D5BBD6FA25A3 /* [CP] Check Pods Manifest.lock */,
				956A150A2C11513D00C50122 /* Sources */,
				956A150B2C11513D00C50122 /* Frameworks */,
				956A150C2C11513D00C50122 /* Resources */,
				BA50FCEBAB06143C09638103 /* [CP] Embed Pods Frameworks */,
			);
			buildRules = (
			);
			dependencies = (
			);
			name = ChatMessenger;
			productName = ChatMessenger;
			productReference = 956A150E2C11513D00C50122 /* ChatMessenger.app */;
			productType = "com.apple.product-type.application";
		};
/* End PBXNativeTarget section */

/* Begin PBXProject section */
		956A15062C11513D00C50122 /* Project object */ = {
			isa = PBXProject;
			attributes = {
				BuildIndependentTargetsInParallel = 1;
				LastSwiftUpdateCheck = 1540;
				LastUpgradeCheck = 1540;
				TargetAttributes = {
					956A150D2C11513D00C50122 = {
						CreatedOnToolsVersion = 15.4;
					};
				};
			};
			buildConfigurationList = 956A15092C11513D00C50122 /* Build configuration list for PBXProject "ChatMessenger" */;
			compatibilityVersion = "Xcode 14.0";
			developmentRegion = en;
			hasScannedForEncodings = 0;
			knownRegions = (
				en,
				Base,
			);
			mainGroup = 956A15052C11513D00C50122;
			productRefGroup = 956A150F2C11513D00C50122 /* Products */;
			projectDirPath = "";
			projectRoot = "";
			targets = (
				956A150D2C11513D00C50122 /* ChatMessenger */,
			);
		};
/* End PBXProject section */

/* Begin PBXResourcesBuildPhase section */
		956A150C2C11513D00C50122 /* Resources */ = {
			isa = PBXResourcesBuildPhase;
			buildActionMask = 2147483647;
			files = (
				956A15192C11514000C50122 /* Preview Assets.xcassets in Resources */,
				956A15162C11514000C50122 /* Assets.xcassets in Resources */,
				956A15282C11685900C50122 /* GoogleService-Info.plist in Resources */,
			);
			runOnlyForDeploymentPostprocessing = 0;
		};
/* End PBXResourcesBuildPhase section */

/* Begin PBXShellScriptBuildPhase section */
		1521A749B4A8D5BBD6FA25A3 /* [CP] Check Pods Manifest.lock */ = {
			isa = PBXShellScriptBuildPhase;
			buildActionMask = 2147483647;
			files = (
			);
			inputFileListPaths = (
			);
			inputPaths = (
				"${PODS_PODFILE_DIR_PATH}/Podfile.lock",
				"${PODS_ROOT}/Manifest.lock",
			);
			name = "[CP] Check Pods Manifest.lock";
			outputFileListPaths = (
			);
			outputPaths = (
				"$(DERIVED_FILE_DIR)/Pods-ChatMessenger-checkManifestLockResult.txt",
			);
			runOnlyForDeploymentPostprocessing = 0;
			shellPath = /bin/sh;
			shellScript = "diff \"${PODS_PODFILE_DIR_PATH}/Podfile.lock\" \"${PODS_ROOT}/Manifest.lock\" > /dev/null\nif [ $? != 0 ] ; then\n    # print error to STDERR\n    echo \"error: The sandbox is not in sync with the Podfile.lock. Run 'pod install' or update your CocoaPods installation.\" >&2\n    exit 1\nfi\n# This output is used by Xcode 'outputs' to avoid re-running this script phase.\necho \"SUCCESS\" > \"${SCRIPT_OUTPUT_FILE_0}\"\n";
			showEnvVarsInLog = 0;
		};
		BA50FCEBAB06143C09638103 /* [CP] Embed Pods Frameworks */ = {
			isa = PBXShellScriptBuildPhase;
			buildActionMask = 2147483647;
			files = (
			);
			inputFileListPaths = (
				"${PODS_ROOT}/Target Support Files/Pods-ChatMessenger/Pods-ChatMessenger-frameworks-${CONFIGURATION}-input-files.xcfilelist",
			);
			name = "[CP] Embed Pods Frameworks";
			outputFileListPaths = (
				"${PODS_ROOT}/Target Support Files/Pods-ChatMessenger/Pods-ChatMessenger-frameworks-${CONFIGURATION}-output-files.xcfilelist",
			);
			runOnlyForDeploymentPostprocessing = 0;
			shellPath = /bin/sh;
			shellScript = "\"${PODS_ROOT}/Target Support Files/Pods-ChatMessenger/Pods-ChatMessenger-frameworks.sh\"\n";
			showEnvVarsInLog = 0;
		};
/* End PBXShellScriptBuildPhase section */

/* Begin PBXSourcesBuildPhase section */
		956A150A2C11513D00C50122 /* Sources */ = {
			isa = PBXSourcesBuildPhase;
			buildActionMask = 2147483647;
			files = (
				956A15242C115D1B00C50122 /* SignUpView.swift in Sources */,
				956A15142C11513D00C50122 /* SignInView.swift in Sources */,
				956A15262C115D6C00C50122 /* SignUpViewModel.swift in Sources */,
				95713B032C168CCE009D7FCA /* ImagePicker.swift in Sources */,
				956A15122C11513D00C50122 /* ChatMessengerApp.swift in Sources */,
				956A15202C11584E00C50122 /* SignInViewModel.swift in Sources */,
			);
			runOnlyForDeploymentPostprocessing = 0;
		};
/* End PBXSourcesBuildPhase section */

/* Begin XCBuildConfiguration section */
		956A151A2C11514000C50122 /* Debug */ = {
			isa = XCBuildConfiguration;
			buildSettings = {
				ALWAYS_SEARCH_USER_PATHS = NO;
				ASSETCATALOG_COMPILER_GENERATE_SWIFT_ASSET_SYMBOL_EXTENSIONS = YES;
				CLANG_ANALYZER_NONNULL = YES;
				CLANG_ANALYZER_NUMBER_OBJECT_CONVERSION = YES_AGGRESSIVE;
				CLANG_CXX_LANGUAGE_STANDARD = "gnu++20";
				CLANG_ENABLE_MODULES = YES;
				CLANG_ENABLE_OBJC_ARC = YES;
				CLANG_ENABLE_OBJC_WEAK = YES;
				CLANG_WARN_BLOCK_CAPTURE_AUTORELEASING = YES;
				CLANG_WARN_BOOL_CONVERSION = YES;
				CLANG_WARN_COMMA = YES;
				CLANG_WARN_CONSTANT_CONVERSION = YES;
				CLANG_WARN_DEPRECATED_OBJC_IMPLEMENTATIONS = YES;
				CLANG_WARN_DIRECT_OBJC_ISA_USAGE = YES_ERROR;
				CLANG_WARN_DOCUMENTATION_COMMENTS = YES;
				CLANG_WARN_EMPTY_BODY = YES;
				CLANG_WARN_ENUM_CONVERSION = YES;
				CLANG_WARN_INFINITE_RECURSION = YES;
				CLANG_WARN_INT_CONVERSION = YES;
				CLANG_WARN_NON_LITERAL_NULL_CONVERSION = YES;
				CLANG_WARN_OBJC_IMPLICIT_RETAIN_SELF = YES;
				CLANG_WARN_OBJC_LITERAL_CONVERSION = YES;
				CLANG_WARN_OBJC_ROOT_CLASS = YES_ERROR;
				CLANG_WARN_QUOTED_INCLUDE_IN_FRAMEWORK_HEADER = YES;
				CLANG_WARN_RANGE_LOOP_ANALYSIS = YES;
				CLANG_WARN_STRICT_PROTOTYPES = YES;
				CLANG_WARN_SUSPICIOUS_MOVE = YES;
				CLANG_WARN_UNGUARDED_AVAILABILITY = YES_AGGRESSIVE;
				CLANG_WARN_UNREACHABLE_CODE = YES;
				CLANG_WARN__DUPLICATE_METHOD_MATCH = YES;
				COPY_PHASE_STRIP = NO;
				DEBUG_INFORMATION_FORMAT = dwarf;
				ENABLE_STRICT_OBJC_MSGSEND = YES;
				ENABLE_TESTABILITY = YES;
				ENABLE_USER_SCRIPT_SANDBOXING = NO;
				GCC_C_LANGUAGE_STANDARD = gnu17;
				GCC_DYNAMIC_NO_PIC = NO;
				GCC_NO_COMMON_BLOCKS = YES;
				GCC_OPTIMIZATION_LEVEL = 0;
				GCC_PREPROCESSOR_DEFINITIONS = (
					"DEBUG=1",
					"$(inherited)",
				);
				GCC_WARN_64_TO_32_BIT_CONVERSION = YES;
				GCC_WARN_ABOUT_RETURN_TYPE = YES_ERROR;
				GCC_WARN_UNDECLARED_SELECTOR = YES;
				GCC_WARN_UNINITIALIZED_AUTOS = YES_AGGRESSIVE;
				GCC_WARN_UNUSED_FUNCTION = YES;
				GCC_WARN_UNUSED_VARIABLE = YES;
				IPHONEOS_DEPLOYMENT_TARGET = 17.5;
				LOCALIZATION_PREFERS_STRING_CATALOGS = YES;
				MTL_ENABLE_DEBUG_INFO = INCLUDE_SOURCE;
				MTL_FAST_MATH = YES;
				ONLY_ACTIVE_ARCH = YES;
				SDKROOT = iphoneos;
				SWIFT_ACTIVE_COMPILATION_CONDITIONS = "DEBUG $(inherited)";
				SWIFT_OPTIMIZATION_LEVEL = "-Onone";
			};
			name = Debug;
		};
		956A151B2C11514000C50122 /* Release */ = {
			isa = XCBuildConfiguration;
			buildSettings = {
				ALWAYS_SEARCH_USER_PATHS = NO;
				ASSETCATALOG_COMPILER_GENERATE_SWIFT_ASSET_SYMBOL_EXTENSIONS = YES;
				CLANG_ANALYZER_NONNULL = YES;
				CLANG_ANALYZER_NUMBER_OBJECT_CONVERSION = YES_AGGRESSIVE;
				CLANG_CXX_LANGUAGE_STANDARD = "gnu++20";
				CLANG_ENABLE_MODULES = YES;
				CLANG_ENABLE_OBJC_ARC = YES;
				CLANG_ENABLE_OBJC_WEAK = YES;
				CLANG_WARN_BLOCK_CAPTURE_AUTORELEASING = YES;
				CLANG_WARN_BOOL_CONVERSION = YES;
				CLANG_WARN_COMMA = YES;
				CLANG_WARN_CONSTANT_CONVERSION = YES;
				CLANG_WARN_DEPRECATED_OBJC_IMPLEMENTATIONS = YES;
				CLANG_WARN_DIRECT_OBJC_ISA_USAGE = YES_ERROR;
				CLANG_WARN_DOCUMENTATION_COMMENTS = YES;
				CLANG_WARN_EMPTY_BODY = YES;
				CLANG_WARN_ENUM_CONVERSION = YES;
				CLANG_WARN_INFINITE_RECURSION = YES;
				CLANG_WARN_INT_CONVERSION = YES;
				CLANG_WARN_NON_LITERAL_NULL_CONVERSION = YES;
				CLANG_WARN_OBJC_IMPLICIT_RETAIN_SELF = YES;
				CLANG_WARN_OBJC_LITERAL_CONVERSION = YES;
				CLANG_WARN_OBJC_ROOT_CLASS = YES_ERROR;
				CLANG_WARN_QUOTED_INCLUDE_IN_FRAMEWORK_HEADER = YES;
				CLANG_WARN_RANGE_LOOP_ANALYSIS = YES;
				CLANG_WARN_STRICT_PROTOTYPES = YES;
				CLANG_WARN_SUSPICIOUS_MOVE = YES;
				CLANG_WARN_UNGUARDED_AVAILABILITY = YES_AGGRESSIVE;
				CLANG_WARN_UNREACHABLE_CODE = YES;
				CLANG_WARN__DUPLICATE_METHOD_MATCH = YES;
				COPY_PHASE_STRIP = NO;
				DEBUG_INFORMATION_FORMAT = "dwarf-with-dsym";
				ENABLE_NS_ASSERTIONS = NO;
				ENABLE_STRICT_OBJC_MSGSEND = YES;
				ENABLE_USER_SCRIPT_SANDBOXING = NO;
				GCC_C_LANGUAGE_STANDARD = gnu17;
				GCC_NO_COMMON_BLOCKS = YES;
				GCC_WARN_64_TO_32_BIT_CONVERSION = YES;
				GCC_WARN_ABOUT_RETURN_TYPE = YES_ERROR;
				GCC_WARN_UNDECLARED_SELECTOR = YES;
				GCC_WARN_UNINITIALIZED_AUTOS = YES_AGGRESSIVE;
				GCC_WARN_UNUSED_FUNCTION = YES;
				GCC_WARN_UNUSED_VARIABLE = YES;
				IPHONEOS_DEPLOYMENT_TARGET = 17.5;
				LOCALIZATION_PREFERS_STRING_CATALOGS = YES;
				MTL_ENABLE_DEBUG_INFO = NO;
				MTL_FAST_MATH = YES;
				SDKROOT = iphoneos;
				SWIFT_COMPILATION_MODE = wholemodule;
				VALIDATE_PRODUCT = YES;
			};
			name = Release;
		};
		956A151D2C11514000C50122 /* Debug */ = {
			isa = XCBuildConfiguration;
			baseConfigurationReference = 87FD25E319A5B1C2AD603E35 /* Pods-ChatMessenger.debug.xcconfig */;
			buildSettings = {
				ASSETCATALOG_COMPILER_APPICON_NAME = AppIcon;
				ASSETCATALOG_COMPILER_GLOBAL_ACCENT_COLOR_NAME = AccentColor;
				CODE_SIGN_STYLE = Automatic;
				CURRENT_PROJECT_VERSION = 1;
				DEVELOPMENT_ASSET_PATHS = "\"ChatMessenger/Preview Content\"";
				ENABLE_PREVIEWS = YES;
				GENERATE_INFOPLIST_FILE = YES;
				INFOPLIST_KEY_UIApplicationSceneManifest_Generation = YES;
				INFOPLIST_KEY_UIApplicationSupportsIndirectInputEvents = YES;
				INFOPLIST_KEY_UILaunchScreen_Generation = YES;
				INFOPLIST_KEY_UISupportedInterfaceOrientations_iPad = "UIInterfaceOrientationPortrait UIInterfaceOrientationPortraitUpsideDown UIInterfaceOrientationLandscapeLeft UIInterfaceOrientationLandscapeRight";
				INFOPLIST_KEY_UISupportedInterfaceOrientations_iPhone = "UIInterfaceOrientationPortrait UIInterfaceOrientationLandscapeLeft UIInterfaceOrientationLandscapeRight";
				LD_RUNPATH_SEARCH_PATHS = (
					"$(inherited)",
					"@executable_path/Frameworks",
				);
				MARKETING_VERSION = 1.0;
				PRODUCT_BUNDLE_IDENTIFIER = br.com.euigorr.ChatMessenger;
				PRODUCT_NAME = "$(TARGET_NAME)";
				SWIFT_EMIT_LOC_STRINGS = YES;
				SWIFT_VERSION = 5.0;
				TARGETED_DEVICE_FAMILY = "1,2";
			};
			name = Debug;
		};
		956A151E2C11514000C50122 /* Release */ = {
			isa = XCBuildConfiguration;
			baseConfigurationReference = DF4533A8A7CD94E57A9A9B17 /* Pods-ChatMessenger.release.xcconfig */;
			buildSettings = {
				ASSETCATALOG_COMPILER_APPICON_NAME = AppIcon;
				ASSETCATALOG_COMPILER_GLOBAL_ACCENT_COLOR_NAME = AccentColor;
				CODE_SIGN_STYLE = Automatic;
				CURRENT_PROJECT_VERSION = 1;
				DEVELOPMENT_ASSET_PATHS = "\"ChatMessenger/Preview Content\"";
				ENABLE_PREVIEWS = YES;
				GENERATE_INFOPLIST_FILE = YES;
				INFOPLIST_KEY_UIApplicationSceneManifest_Generation = YES;
				INFOPLIST_KEY_UIApplicationSupportsIndirectInputEvents = YES;
				INFOPLIST_KEY_UILaunchScreen_Generation = YES;
				INFOPLIST_KEY_UISupportedInterfaceOrientations_iPad = "UIInterfaceOrientationPortrait UIInterfaceOrientationPortraitUpsideDown UIInterfaceOrientationLandscapeLeft UIInterfaceOrientationLandscapeRight";
				INFOPLIST_KEY_UISupportedInterfaceOrientations_iPhone = "UIInterfaceOrientationPortrait UIInterfaceOrientationLandscapeLeft UIInterfaceOrientationLandscapeRight";
				LD_RUNPATH_SEARCH_PATHS = (
					"$(inherited)",
					"@executable_path/Frameworks",
				);
				MARKETING_VERSION = 1.0;
				PRODUCT_BUNDLE_IDENTIFIER = br.com.euigorr.ChatMessenger;
				PRODUCT_NAME = "$(TARGET_NAME)";
				SWIFT_EMIT_LOC_STRINGS = YES;
				SWIFT_VERSION = 5.0;
				TARGETED_DEVICE_FAMILY = "1,2";
			};
			name = Release;
		};
/* End XCBuildConfiguration section */

/* Begin XCConfigurationList section */
		956A15092C11513D00C50122 /* Build configuration list for PBXProject "ChatMessenger" */ = {
			isa = XCConfigurationList;
			buildConfigurations = (
				956A151A2C11514000C50122 /* Debug */,
				956A151B2C11514000C50122 /* Release */,
			);
			defaultConfigurationIsVisible = 0;
			defaultConfigurationName = Release;
		};
		956A151C2C11514000C50122 /* Build configuration list for PBXNativeTarget "ChatMessenger" */ = {
			isa = XCConfigurationList;
			buildConfigurations = (
				956A151D2C11514000C50122 /* Debug */,
				956A151E2C11514000C50122 /* Release */,
			);
			defaultConfigurationIsVisible = 0;
			defaultConfigurationName = Release;
		};
/* End XCConfigurationList section */
	};
	rootObject = 956A15062C11513D00C50122 /* Project object */;
}
